// !$*UTF8*$!
{
	archiveVersion = 1;
	classes = {
	};
	objectVersion = 56;
	objects = {

/* Begin PBXBuildFile section */
		080634992AC65E07007719EA /* AppDelegate.swift in Sources */ = {isa = PBXBuildFile; fileRef = 080634982AC65E07007719EA /* AppDelegate.swift */; };
		0806349B2AC65E07007719EA /* SceneDelegate.swift in Sources */ = {isa = PBXBuildFile; fileRef = 0806349A2AC65E07007719EA /* SceneDelegate.swift */; };
		0806349D2AC65E07007719EA /* ViewController.swift in Sources */ = {isa = PBXBuildFile; fileRef = 0806349C2AC65E07007719EA /* ViewController.swift */; };
		080634A02AC65E07007719EA /* Main.storyboard in Resources */ = {isa = PBXBuildFile; fileRef = 0806349E2AC65E07007719EA /* Main.storyboard */; };
		080634A22AC65E0A007719EA /* Assets.xcassets in Resources */ = {isa = PBXBuildFile; fileRef = 080634A12AC65E0A007719EA /* Assets.xcassets */; };
		080634A52AC65E0A007719EA /* LaunchScreen.storyboard in Resources */ = {isa = PBXBuildFile; fileRef = 080634A32AC65E0A007719EA /* LaunchScreen.storyboard */; };
		080634B02AC65E0A007719EA /* SoYouThinkYouKnowSwiftTests.swift in Sources */ = {isa = PBXBuildFile; fileRef = 080634AF2AC65E0A007719EA /* SoYouThinkYouKnowSwiftTests.swift */; };
		080634BA2AC65E0A007719EA /* SoYouThinkYouKnowSwiftUITests.swift in Sources */ = {isa = PBXBuildFile; fileRef = 080634B92AC65E0A007719EA /* SoYouThinkYouKnowSwiftUITests.swift */; };
		080634BC2AC65E0A007719EA /* SoYouThinkYouKnowSwiftUITestsLaunchTests.swift in Sources */ = {isa = PBXBuildFile; fileRef = 080634BB2AC65E0A007719EA /* SoYouThinkYouKnowSwiftUITestsLaunchTests.swift */; };
/* End PBXBuildFile section */

/* Begin PBXContainerItemProxy section */
		080634AC2AC65E0A007719EA /* PBXContainerItemProxy */ = {
			isa = PBXContainerItemProxy;
			containerPortal = 0806348D2AC65E07007719EA /* Project object */;
			proxyType = 1;
			remoteGlobalIDString = 080634942AC65E07007719EA;
			remoteInfo = SoYouThinkYouKnowSwift;
		};
		080634B62AC65E0A007719EA /* PBXContainerItemProxy */ = {
			isa = PBXContainerItemProxy;
			containerPortal = 0806348D2AC65E07007719EA /* Project object */;
			proxyType = 1;
			remoteGlobalIDString = 080634942AC65E07007719EA;
			remoteInfo = SoYouThinkYouKnowSwift;
		};
/* End PBXContainerItemProxy section */

/* Begin PBXFileReference section */
		080634952AC65E07007719EA /* SoYouThinkYouKnowSwift.app */ = {isa = PBXFileReference; explicitFileType = wrapper.application; includeInIndex = 0; path = SoYouThinkYouKnowSwift.app; sourceTree = BUILT_PRODUCTS_DIR; };
		080634982AC65E07007719EA /* AppDelegate.swift */ = {isa = PBXFileReference; lastKnownFileType = sourcecode.swift; path = AppDelegate.swift; sourceTree = "<group>"; };
		0806349A2AC65E07007719EA /* SceneDelegate.swift */ = {isa = PBXFileReference; lastKnownFileType = sourcecode.swift; path = SceneDelegate.swift; sourceTree = "<group>"; };
		0806349C2AC65E07007719EA /* ViewController.swift */ = {isa = PBXFileReference; lastKnownFileType = sourcecode.swift; path = ViewController.swift; sourceTree = "<group>"; };
		0806349F2AC65E07007719EA /* Base */ = {isa = PBXFileReference; lastKnownFileType = file.storyboard; name = Base; path = Base.lproj/Main.storyboard; sourceTree = "<group>"; };
		080634A12AC65E0A007719EA /* Assets.xcassets */ = {isa = PBXFileReference; lastKnownFileType = folder.assetcatalog; path = Assets.xcassets; sourceTree = "<group>"; };
		080634A42AC65E0A007719EA /* Base */ = {isa = PBXFileReference; lastKnownFileType = file.storyboard; name = Base; path = Base.lproj/LaunchScreen.storyboard; sourceTree = "<group>"; };
		080634A62AC65E0A007719EA /* Info.plist */ = {isa = PBXFileReference; lastKnownFileType = text.plist.xml; path = Info.plist; sourceTree = "<group>"; };
		080634AB2AC65E0A007719EA /* SoYouThinkYouKnowSwiftTests.xctest */ = {isa = PBXFileReference; explicitFileType = wrapper.cfbundle; includeInIndex = 0; path = SoYouThinkYouKnowSwiftTests.xctest; sourceTree = BUILT_PRODUCTS_DIR; };
		080634AF2AC65E0A007719EA /* SoYouThinkYouKnowSwiftTests.swift */ = {isa = PBXFileReference; lastKnownFileType = sourcecode.swift; path = SoYouThinkYouKnowSwiftTests.swift; sourceTree = "<group>"; };
		080634B52AC65E0A007719EA /* SoYouThinkYouKnowSwiftUITests.xctest */ = {isa = PBXFileReference; explicitFileType = wrapper.cfbundle; includeInIndex = 0; path = SoYouThinkYouKnowSwiftUITests.xctest; sourceTree = BUILT_PRODUCTS_DIR; };
		080634B92AC65E0A007719EA /* SoYouThinkYouKnowSwiftUITests.swift */ = {isa = PBXFileReference; lastKnownFileType = sourcecode.swift; path = SoYouThinkYouKnowSwiftUITests.swift; sourceTree = "<group>"; };
		080634BB2AC65E0A007719EA /* SoYouThinkYouKnowSwiftUITestsLaunchTests.swift */ = {isa = PBXFileReference; lastKnownFileType = sourcecode.swift; path = SoYouThinkYouKnowSwiftUITestsLaunchTests.swift; sourceTree = "<group>"; };
/* End PBXFileReference section */

/* Begin PBXFrameworksBuildPhase section */
		080634922AC65E07007719EA /* Frameworks */ = {
			isa = PBXFrameworksBuildPhase;
			buildActionMask = 2147483647;
			files = (
			);
			runOnlyForDeploymentPostprocessing = 0;
		};
		080634A82AC65E0A007719EA /* Frameworks */ = {
			isa = PBXFrameworksBuildPhase;
			buildActionMask = 2147483647;
			files = (
			);
			runOnlyForDeploymentPostprocessing = 0;
		};
		080634B22AC65E0A007719EA /* Frameworks */ = {
			isa = PBXFrameworksBuildPhase;
			buildActionMask = 2147483647;
			files = (
			);
			runOnlyForDeploymentPostprocessing = 0;
		};
/* End PBXFrameworksBuildPhase section */

/* Begin PBXGroup section */
		0806348C2AC65E07007719EA = {
			isa = PBXGroup;
			children = (
				080634972AC65E07007719EA /* SoYouThinkYouKnowSwift */,
				080634AE2AC65E0A007719EA /* SoYouThinkYouKnowSwiftTests */,
				080634B82AC65E0A007719EA /* SoYouThinkYouKnowSwiftUITests */,
				080634962AC65E07007719EA /* Products */,
			);
			sourceTree = "<group>";
		};
		080634962AC65E07007719EA /* Products */ = {
			isa = PBXGroup;
			children = (
				080634952AC65E07007719EA /* SoYouThinkYouKnowSwift.app */,
				080634AB2AC65E0A007719EA /* SoYouThinkYouKnowSwiftTests.xctest */,
				080634B52AC65E0A007719EA /* SoYouThinkYouKnowSwiftUITests.xctest */,
			);
			name = Products;
			sourceTree = "<group>";
		};
		080634972AC65E07007719EA /* SoYouThinkYouKnowSwift */ = {
			isa = PBXGroup;
			children = (
				080634982AC65E07007719EA /* AppDelegate.swift */,
				0806349A2AC65E07007719EA /* SceneDelegate.swift */,
				0806349C2AC65E07007719EA /* ViewController.swift */,
				0806349E2AC65E07007719EA /* Main.storyboard */,
				080634A12AC65E0A007719EA /* Assets.xcassets */,
				080634A32AC65E0A007719EA /* LaunchScreen.storyboard */,
				080634A62AC65E0A007719EA /* Info.plist */,
			);
			path = SoYouThinkYouKnowSwift;
			sourceTree = "<group>";
		};
		080634AE2AC65E0A007719EA /* SoYouThinkYouKnowSwiftTests */ = {
			isa = PBXGroup;
			children = (
				080634AF2AC65E0A007719EA /* SoYouThinkYouKnowSwiftTests.swift */,
			);
			path = SoYouThinkYouKnowSwiftTests;
			sourceTree = "<group>";
		};
		080634B82AC65E0A007719EA /* SoYouThinkYouKnowSwiftUITests */ = {
			isa = PBXGroup;
			children = (
				080634B92AC65E0A007719EA /* SoYouThinkYouKnowSwiftUITests.swift */,
				080634BB2AC65E0A007719EA /* SoYouThinkYouKnowSwiftUITestsLaunchTests.swift */,
			);
			path = SoYouThinkYouKnowSwiftUITests;
			sourceTree = "<group>";
		};
/* End PBXGroup section */

/* Begin PBXNativeTarget section */
		080634942AC65E07007719EA /* SoYouThinkYouKnowSwift */ = {
			isa = PBXNativeTarget;
			buildConfigurationList = 080634BF2AC65E0A007719EA /* Build configuration list for PBXNativeTarget "SoYouThinkYouKnowSwift" */;
			buildPhases = (
				080634912AC65E07007719EA /* Sources */,
				080634922AC65E07007719EA /* Frameworks */,
				080634932AC65E07007719EA /* Resources */,
			);
			buildRules = (
			);
			dependencies = (
			);
			name = SoYouThinkYouKnowSwift;
			productName = SoYouThinkYouKnowSwift;
			productReference = 080634952AC65E07007719EA /* SoYouThinkYouKnowSwift.app */;
			productType = "com.apple.product-type.application";
		};
		080634AA2AC65E0A007719EA /* SoYouThinkYouKnowSwiftTests */ = {
			isa = PBXNativeTarget;
			buildConfigurationList = 080634C22AC65E0A007719EA /* Build configuration list for PBXNativeTarget "SoYouThinkYouKnowSwiftTests" */;
			buildPhases = (
				080634A72AC65E0A007719EA /* Sources */,
				080634A82AC65E0A007719EA /* Frameworks */,
				080634A92AC65E0A007719EA /* Resources */,
			);
			buildRules = (
			);
			dependencies = (
				080634AD2AC65E0A007719EA /* PBXTargetDependency */,
			);
			name = SoYouThinkYouKnowSwiftTests;
			productName = SoYouThinkYouKnowSwiftTests;
			productReference = 080634AB2AC65E0A007719EA /* SoYouThinkYouKnowSwiftTests.xctest */;
			productType = "com.apple.product-type.bundle.unit-test";
		};
		080634B42AC65E0A007719EA /* SoYouThinkYouKnowSwiftUITests */ = {
			isa = PBXNativeTarget;
			buildConfigurationList = 080634C52AC65E0A007719EA /* Build configuration list for PBXNativeTarget "SoYouThinkYouKnowSwiftUITests" */;
			buildPhases = (
				080634B12AC65E0A007719EA /* Sources */,
				080634B22AC65E0A007719EA /* Frameworks */,
				080634B32AC65E0A007719EA /* Resources */,
			);
			buildRules = (
			);
			dependencies = (
				080634B72AC65E0A007719EA /* PBXTargetDependency */,
			);
			name = SoYouThinkYouKnowSwiftUITests;
			productName = SoYouThinkYouKnowSwiftUITests;
			productReference = 080634B52AC65E0A007719EA /* SoYouThinkYouKnowSwiftUITests.xctest */;
			productType = "com.apple.product-type.bundle.ui-testing";
		};
/* End PBXNativeTarget section */

/* Begin PBXProject section */
		0806348D2AC65E07007719EA /* Project object */ = {
			isa = PBXProject;
			attributes = {
				BuildIndependentTargetsInParallel = 1;
				LastSwiftUpdateCheck = 1500;
				LastUpgradeCheck = 1500;
				TargetAttributes = {
					080634942AC65E07007719EA = {
						CreatedOnToolsVersion = 15.0;
					};
					080634AA2AC65E0A007719EA = {
						CreatedOnToolsVersion = 15.0;
						TestTargetID = 080634942AC65E07007719EA;
					};
					080634B42AC65E0A007719EA = {
						CreatedOnToolsVersion = 15.0;
						TestTargetID = 080634942AC65E07007719EA;
					};
				};
			};
			buildConfigurationList = 080634902AC65E07007719EA /* Build configuration list for PBXProject "SoYouThinkYouKnowSwift" */;
			compatibilityVersion = "Xcode 14.0";
			developmentRegion = en;
			hasScannedForEncodings = 0;
			knownRegions = (
				en,
				Base,
			);
			mainGroup = 0806348C2AC65E07007719EA;
			productRefGroup = 080634962AC65E07007719EA /* Products */;
			projectDirPath = "";
			projectRoot = "";
			targets = (
				080634942AC65E07007719EA /* SoYouThinkYouKnowSwift */,
				080634AA2AC65E0A007719EA /* SoYouThinkYouKnowSwiftTests */,
				080634B42AC65E0A007719EA /* SoYouThinkYouKnowSwiftUITests */,
			);
		};
/* End PBXProject section */

/* Begin PBXResourcesBuildPhase section */
		080634932AC65E07007719EA /* Resources */ = {
			isa = PBXResourcesBuildPhase;
			buildActionMask = 2147483647;
			files = (
				080634A52AC65E0A007719EA /* LaunchScreen.storyboard in Resources */,
				080634A22AC65E0A007719EA /* Assets.xcassets in Resources */,
				080634A02AC65E07007719EA /* Main.storyboard in Resources */,
			);
			runOnlyForDeploymentPostprocessing = 0;
		};
		080634A92AC65E0A007719EA /* Resources */ = {
			isa = PBXResourcesBuildPhase;
			buildActionMask = 2147483647;
			files = (
			);
			runOnlyForDeploymentPostprocessing = 0;
		};
		080634B32AC65E0A007719EA /* Resources */ = {
			isa = PBXResourcesBuildPhase;
			buildActionMask = 2147483647;
			files = (
			);
			runOnlyForDeploymentPostprocessing = 0;
		};
/* End PBXResourcesBuildPhase section */

/* Begin PBXSourcesBuildPhase section */
		080634912AC65E07007719EA /* Sources */ = {
			isa = PBXSourcesBuildPhase;
			buildActionMask = 2147483647;
			files = (
				0806349D2AC65E07007719EA /* ViewController.swift in Sources */,
				080634992AC65E07007719EA /* AppDelegate.swift in Sources */,
				0806349B2AC65E07007719EA /* SceneDelegate.swift in Sources */,
			);
			runOnlyForDeploymentPostprocessing = 0;
		};
		080634A72AC65E0A007719EA /* Sources */ = {
			isa = PBXSourcesBuildPhase;
			buildActionMask = 2147483647;
			files = (
				080634B02AC65E0A007719EA /* SoYouThinkYouKnowSwiftTests.swift in Sources */,
			);
			runOnlyForDeploymentPostprocessing = 0;
		};
		080634B12AC65E0A007719EA /* Sources */ = {
			isa = PBXSourcesBuildPhase;
			buildActionMask = 2147483647;
			files = (
				080634BC2AC65E0A007719EA /* SoYouThinkYouKnowSwiftUITestsLaunchTests.swift in Sources */,
				080634BA2AC65E0A007719EA /* SoYouThinkYouKnowSwiftUITests.swift in Sources */,
			);
			runOnlyForDeploymentPostprocessing = 0;
		};
/* End PBXSourcesBuildPhase section */

/* Begin PBXTargetDependency section */
		080634AD2AC65E0A007719EA /* PBXTargetDependency */ = {
			isa = PBXTargetDependency;
			target = 080634942AC65E07007719EA /* SoYouThinkYouKnowSwift */;
			targetProxy = 080634AC2AC65E0A007719EA /* PBXContainerItemProxy */;
		};
		080634B72AC65E0A007719EA /* PBXTargetDependency */ = {
			isa = PBXTargetDependency;
			target = 080634942AC65E07007719EA /* SoYouThinkYouKnowSwift */;
			targetProxy = 080634B62AC65E0A007719EA /* PBXContainerItemProxy */;
		};
/* End PBXTargetDependency section */

/* Begin PBXVariantGroup section */
		0806349E2AC65E07007719EA /* Main.storyboard */ = {
			isa = PBXVariantGroup;
			children = (
				0806349F2AC65E07007719EA /* Base */,
			);
			name = Main.storyboard;
			sourceTree = "<group>";
		};
		080634A32AC65E0A007719EA /* LaunchScreen.storyboard */ = {
			isa = PBXVariantGroup;
			children = (
				080634A42AC65E0A007719EA /* Base */,
			);
			name = LaunchScreen.storyboard;
			sourceTree = "<group>";
		};
/* End PBXVariantGroup section */

/* Begin XCBuildConfiguration section */
		080634BD2AC65E0A007719EA /* Debug */ = {
			isa = XCBuildConfiguration;
			buildSettings = {
				ALWAYS_SEARCH_USER_PATHS = NO;
				ASSETCATALOG_COMPILER_GENERATE_SWIFT_ASSET_SYMBOL_EXTENSIONS = YES;
				CLANG_ANALYZER_NONNULL = YES;
				CLANG_ANALYZER_NUMBER_OBJECT_CONVERSION = YES_AGGRESSIVE;
				CLANG_CXX_LANGUAGE_STANDARD = "gnu++20";
				CLANG_ENABLE_MODULES = YES;
				CLANG_ENABLE_OBJC_ARC = YES;
				CLANG_ENABLE_OBJC_WEAK = YES;
				CLANG_WARN_BLOCK_CAPTURE_AUTORELEASING = YES;
				CLANG_WARN_BOOL_CONVERSION = YES;
				CLANG_WARN_COMMA = YES;
				CLANG_WARN_CONSTANT_CONVERSION = YES;
				CLANG_WARN_DEPRECATED_OBJC_IMPLEMENTATIONS = YES;
				CLANG_WARN_DIRECT_OBJC_ISA_USAGE = YES_ERROR;
				CLANG_WARN_DOCUMENTATION_COMMENTS = YES;
				CLANG_WARN_EMPTY_BODY = YES;
				CLANG_WARN_ENUM_CONVERSION = YES;
				CLANG_WARN_INFINITE_RECURSION = YES;
				CLANG_WARN_INT_CONVERSION = YES;
				CLANG_WARN_NON_LITERAL_NULL_CONVERSION = YES;
				CLANG_WARN_OBJC_IMPLICIT_RETAIN_SELF = YES;
				CLANG_WARN_OBJC_LITERAL_CONVERSION = YES;
				CLANG_WARN_OBJC_ROOT_CLASS = YES_ERROR;
				CLANG_WARN_QUOTED_INCLUDE_IN_FRAMEWORK_HEADER = YES;
				CLANG_WARN_RANGE_LOOP_ANALYSIS = YES;
				CLANG_WARN_STRICT_PROTOTYPES = YES;
				CLANG_WARN_SUSPICIOUS_MOVE = YES;
				CLANG_WARN_UNGUARDED_AVAILABILITY = YES_AGGRESSIVE;
				CLANG_WARN_UNREACHABLE_CODE = YES;
				CLANG_WARN__DUPLICATE_METHOD_MATCH = YES;
				COPY_PHASE_STRIP = NO;
				DEBUG_INFORMATION_FORMAT = dwarf;
				ENABLE_STRICT_OBJC_MSGSEND = YES;
				ENABLE_TESTABILITY = YES;
				ENABLE_USER_SCRIPT_SANDBOXING = YES;
				GCC_C_LANGUAGE_STANDARD = gnu17;
				GCC_DYNAMIC_NO_PIC = NO;
				GCC_NO_COMMON_BLOCKS = YES;
				GCC_OPTIMIZATION_LEVEL = 0;
				GCC_PREPROCESSOR_DEFINITIONS = (
					"DEBUG=1",
					"$(inherited)",
				);
				GCC_WARN_64_TO_32_BIT_CONVERSION = YES;
				GCC_WARN_ABOUT_RETURN_TYPE = YES_ERROR;
				GCC_WARN_UNDECLARED_SELECTOR = YES;
				GCC_WARN_UNINITIALIZED_AUTOS = YES_AGGRESSIVE;
				GCC_WARN_UNUSED_FUNCTION = YES;
				GCC_WARN_UNUSED_VARIABLE = YES;
				IPHONEOS_DEPLOYMENT_TARGET = 17.0;
				LOCALIZATION_PREFERS_STRING_CATALOGS = YES;
				MTL_ENABLE_DEBUG_INFO = INCLUDE_SOURCE;
				MTL_FAST_MATH = YES;
				ONLY_ACTIVE_ARCH = YES;
				SDKROOT = iphoneos;
				SWIFT_ACTIVE_COMPILATION_CONDITIONS = "DEBUG $(inherited)";
				SWIFT_OPTIMIZATION_LEVEL = "-Onone";
			};
			name = Debug;
		};
		080634BE2AC65E0A007719EA /* Release */ = {
			isa = XCBuildConfiguration;
			buildSettings = {
				ALWAYS_SEARCH_USER_PATHS = NO;
				ASSETCATALOG_COMPILER_GENERATE_SWIFT_ASSET_SYMBOL_EXTENSIONS = YES;
				CLANG_ANALYZER_NONNULL = YES;
				CLANG_ANALYZER_NUMBER_OBJECT_CONVERSION = YES_AGGRESSIVE;
				CLANG_CXX_LANGUAGE_STANDARD = "gnu++20";
				CLANG_ENABLE_MODULES = YES;
				CLANG_ENABLE_OBJC_ARC = YES;
				CLANG_ENABLE_OBJC_WEAK = YES;
				CLANG_WARN_BLOCK_CAPTURE_AUTORELEASING = YES;
				CLANG_WARN_BOOL_CONVERSION = YES;
				CLANG_WARN_COMMA = YES;
				CLANG_WARN_CONSTANT_CONVERSION = YES;
				CLANG_WARN_DEPRECATED_OBJC_IMPLEMENTATIONS = YES;
				CLANG_WARN_DIRECT_OBJC_ISA_USAGE = YES_ERROR;
				CLANG_WARN_DOCUMENTATION_COMMENTS = YES;
				CLANG_WARN_EMPTY_BODY = YES;
				CLANG_WARN_ENUM_CONVERSION = YES;
				CLANG_WARN_INFINITE_RECURSION = YES;
				CLANG_WARN_INT_CONVERSION = YES;
				CLANG_WARN_NON_LITERAL_NULL_CONVERSION = YES;
				CLANG_WARN_OBJC_IMPLICIT_RETAIN_SELF = YES;
				CLANG_WARN_OBJC_LITERAL_CONVERSION = YES;
				CLANG_WARN_OBJC_ROOT_CLASS = YES_ERROR;
				CLANG_WARN_QUOTED_INCLUDE_IN_FRAMEWORK_HEADER = YES;
				CLANG_WARN_RANGE_LOOP_ANALYSIS = YES;
				CLANG_WARN_STRICT_PROTOTYPES = YES;
				CLANG_WARN_SUSPICIOUS_MOVE = YES;
				CLANG_WARN_UNGUARDED_AVAILABILITY = YES_AGGRESSIVE;
				CLANG_WARN_UNREACHABLE_CODE = YES;
				CLANG_WARN__DUPLICATE_METHOD_MATCH = YES;
				COPY_PHASE_STRIP = NO;
				DEBUG_INFORMATION_FORMAT = "dwarf-with-dsym";
				ENABLE_NS_ASSERTIONS = NO;
				ENABLE_STRICT_OBJC_MSGSEND = YES;
				ENABLE_USER_SCRIPT_SANDBOXING = YES;
				GCC_C_LANGUAGE_STANDARD = gnu17;
				GCC_NO_COMMON_BLOCKS = YES;
				GCC_WARN_64_TO_32_BIT_CONVERSION = YES;
				GCC_WARN_ABOUT_RETURN_TYPE = YES_ERROR;
				GCC_WARN_UNDECLARED_SELECTOR = YES;
				GCC_WARN_UNINITIALIZED_AUTOS = YES_AGGRESSIVE;
				GCC_WARN_UNUSED_FUNCTION = YES;
				GCC_WARN_UNUSED_VARIABLE = YES;
				IPHONEOS_DEPLOYMENT_TARGET = 17.0;
				LOCALIZATION_PREFERS_STRING_CATALOGS = YES;
				MTL_ENABLE_DEBUG_INFO = NO;
				MTL_FAST_MATH = YES;
				SDKROOT = iphoneos;
				SWIFT_COMPILATION_MODE = wholemodule;
				VALIDATE_PRODUCT = YES;
			};
			name = Release;
		};
		080634C02AC65E0A007719EA /* Debug */ = {
			isa = XCBuildConfiguration;
			buildSettings = {
				ASSETCATALOG_COMPILER_APPICON_NAME = AppIcon;
				ASSETCATALOG_COMPILER_GLOBAL_ACCENT_COLOR_NAME = AccentColor;
				CODE_SIGN_STYLE = Automatic;
				CURRENT_PROJECT_VERSION = 1;
				DEVELOPMENT_TEAM = 8XX99S4FGN;
				GENERATE_INFOPLIST_FILE = YES;
				INFOPLIST_FILE = SoYouThinkYouKnowSwift/Info.plist;
				INFOPLIST_KEY_UIApplicationSupportsIndirectInputEvents = YES;
				INFOPLIST_KEY_UILaunchStoryboardName = LaunchScreen;
				INFOPLIST_KEY_UIMainStoryboardFile = Main;
				INFOPLIST_KEY_UISupportedInterfaceOrientations_iPad = "UIInterfaceOrientationPortrait UIInterfaceOrientationPortraitUpsideDown UIInterfaceOrientationLandscapeLeft UIInterfaceOrientationLandscapeRight";
				INFOPLIST_KEY_UISupportedInterfaceOrientations_iPhone = "UIInterfaceOrientationPortrait UIInterfaceOrientationLandscapeLeft UIInterfaceOrientationLandscapeRight";
				LD_RUNPATH_SEARCH_PATHS = (
					"$(inherited)",
					"@executable_path/Frameworks",
				);
				MARKETING_VERSION = 1.0;
				PRODUCT_BUNDLE_IDENTIFIER = com.KingofKings.SoYouThinkYouKnowSwift;
				PRODUCT_NAME = "$(TARGET_NAME)";
				SWIFT_EMIT_LOC_STRINGS = YES;
				SWIFT_VERSION = 5.0;
				TARGETED_DEVICE_FAMILY = "1,2";
			};
			name = Debug;
		};
		080634C12AC65E0A007719EA /* Release */ = {
			isa = XCBuildConfiguration;
			buildSettings = {
				ASSETCATALOG_COMPILER_APPICON_NAME = AppIcon;
				ASSETCATALOG_COMPILER_GLOBAL_ACCENT_COLOR_NAME = AccentColor;
				CODE_SIGN_STYLE = Automatic;
				CURRENT_PROJECT_VERSION = 1;
				DEVELOPMENT_TEAM = 8XX99S4FGN;
				GENERATE_INFOPLIST_FILE = YES;
				INFOPLIST_FILE = SoYouThinkYouKnowSwift/Info.plist;
				INFOPLIST_KEY_UIApplicationSupportsIndirectInputEvents = YES;
				INFOPLIST_KEY_UILaunchStoryboardName = LaunchScreen;
				INFOPLIST_KEY_UIMainStoryboardFile = Main;
				INFOPLIST_KEY_UISupportedInterfaceOrientations_iPad = "UIInterfaceOrientationPortrait UIInterfaceOrientationPortraitUpsideDown UIInterfaceOrientationLandscapeLeft UIInterfaceOrientationLandscapeRight";
				INFOPLIST_KEY_UISupportedInterfaceOrientations_iPhone = "UIInterfaceOrientationPortrait UIInterfaceOrientationLandscapeLeft UIInterfaceOrientationLandscapeRight";
				LD_RUNPATH_SEARCH_PATHS = (
					"$(inherited)",
					"@executable_path/Frameworks",
				);
				MARKETING_VERSION = 1.0;
				PRODUCT_BUNDLE_IDENTIFIER = com.KingofKings.SoYouThinkYouKnowSwift;
				PRODUCT_NAME = "$(TARGET_NAME)";
				SWIFT_EMIT_LOC_STRINGS = YES;
				SWIFT_VERSION = 5.0;
				TARGETED_DEVICE_FAMILY = "1,2";
			};
			name = Release;
		};
		080634C32AC65E0A007719EA /* Debug */ = {
			isa = XCBuildConfiguration;
			buildSettings = {
				ALWAYS_EMBED_SWIFT_STANDARD_LIBRARIES = YES;
				BUNDLE_LOADER = "$(TEST_HOST)";
				CODE_SIGN_STYLE = Automatic;
				CURRENT_PROJECT_VERSION = 1;
				DEVELOPMENT_TEAM = 8XX99S4FGN;
				GENERATE_INFOPLIST_FILE = YES;
				IPHONEOS_DEPLOYMENT_TARGET = 17.0;
				MARKETING_VERSION = 1.0;
				PRODUCT_BUNDLE_IDENTIFIER = com.KingofKings.SoYouThinkYouKnowSwiftTests;
				PRODUCT_NAME = "$(TARGET_NAME)";
				SWIFT_EMIT_LOC_STRINGS = NO;
				SWIFT_VERSION = 5.0;
				TARGETED_DEVICE_FAMILY = "1,2";
				TEST_HOST = "$(BUILT_PRODUCTS_DIR)/SoYouThinkYouKnowSwift.app/$(BUNDLE_EXECUTABLE_FOLDER_PATH)/SoYouThinkYouKnowSwift";
			};
			name = Debug;
		};
		080634C42AC65E0A007719EA /* Release */ = {
			isa = XCBuildConfiguration;
			buildSettings = {
				ALWAYS_EMBED_SWIFT_STANDARD_LIBRARIES = YES;
				BUNDLE_LOADER = "$(TEST_HOST)";
				CODE_SIGN_STYLE = Automatic;
				CURRENT_PROJECT_VERSION = 1;
				DEVELOPMENT_TEAM = 8XX99S4FGN;
				GENERATE_INFOPLIST_FILE = YES;
				IPHONEOS_DEPLOYMENT_TARGET = 17.0;
				MARKETING_VERSION = 1.0;
				PRODUCT_BUNDLE_IDENTIFIER = com.KingofKings.SoYouThinkYouKnowSwiftTests;
				PRODUCT_NAME = "$(TARGET_NAME)";
				SWIFT_EMIT_LOC_STRINGS = NO;
				SWIFT_VERSION = 5.0;
				TARGETED_DEVICE_FAMILY = "1,2";
				TEST_HOST = "$(BUILT_PRODUCTS_DIR)/SoYouThinkYouKnowSwift.app/$(BUNDLE_EXECUTABLE_FOLDER_PATH)/SoYouThinkYouKnowSwift";
			};
			name = Release;
		};
		080634C62AC65E0A007719EA /* Debug */ = {
			isa = XCBuildConfiguration;
			buildSettings = {
				ALWAYS_EMBED_SWIFT_STANDARD_LIBRARIES = YES;
				CODE_SIGN_STYLE = Automatic;
				CURRENT_PROJECT_VERSION = 1;
				DEVELOPMENT_TEAM = 8XX99S4FGN;
				GENERATE_INFOPLIST_FILE = YES;
				MARKETING_VERSION = 1.0;
				PRODUCT_BUNDLE_IDENTIFIER = com.KingofKings.SoYouThinkYouKnowSwiftUITests;
				PRODUCT_NAME = "$(TARGET_NAME)";
				SWIFT_EMIT_LOC_STRINGS = NO;
				SWIFT_VERSION = 5.0;
				TARGETED_DEVICE_FAMILY = "1,2";
				TEST_TARGET_NAME = SoYouThinkYouKnowSwift;
			};
			name = Debug;
		};
		080634C72AC65E0A007719EA /* Release */ = {
			isa = XCBuildConfiguration;
			buildSettings = {
				ALWAYS_EMBED_SWIFT_STANDARD_LIBRARIES = YES;
				CODE_SIGN_STYLE = Automatic;
				CURRENT_PROJECT_VERSION = 1;
				DEVELOPMENT_TEAM = 8XX99S4FGN;
				GENERATE_INFOPLIST_FILE = YES;
				MARKETING_VERSION = 1.0;
				PRODUCT_BUNDLE_IDENTIFIER = com.KingofKings.SoYouThinkYouKnowSwiftUITests;
				PRODUCT_NAME = "$(TARGET_NAME)";
				SWIFT_EMIT_LOC_STRINGS = NO;
				SWIFT_VERSION = 5.0;
				TARGETED_DEVICE_FAMILY = "1,2";
				TEST_TARGET_NAME = SoYouThinkYouKnowSwift;
			};
			name = Release;
		};
/* End XCBuildConfiguration section */

/* Begin XCConfigurationList section */
		080634902AC65E07007719EA /* Build configuration list for PBXProject "SoYouThinkYouKnowSwift" */ = {
			isa = XCConfigurationList;
			buildConfigurations = (
				080634BD2AC65E0A007719EA /* Debug */,
				080634BE2AC65E0A007719EA /* Release */,
			);
			defaultConfigurationIsVisible = 0;
			defaultConfigurationName = Release;
		};
		080634BF2AC65E0A007719EA /* Build configuration list for PBXNativeTarget "SoYouThinkYouKnowSwift" */ = {
			isa = XCConfigurationList;
			buildConfigurations = (
				080634C02AC65E0A007719EA /* Debug */,
				080634C12AC65E0A007719EA /* Release */,
			);
			defaultConfigurationIsVisible = 0;
			defaultConfigurationName = Release;
		};
		080634C22AC65E0A007719EA /* Build configuration list for PBXNativeTarget "SoYouThinkYouKnowSwiftTests" */ = {
			isa = XCConfigurationList;
			buildConfigurations = (
				080634C32AC65E0A007719EA /* Debug */,
				080634C42AC65E0A007719EA /* Release */,
			);
			defaultConfigurationIsVisible = 0;
			defaultConfigurationName = Release;
		};
		080634C52AC65E0A007719EA /* Build configuration list for PBXNativeTarget "SoYouThinkYouKnowSwiftUITests" */ = {
			isa = XCConfigurationList;
			buildConfigurations = (
				080634C62AC65E0A007719EA /* Debug */,
				080634C72AC65E0A007719EA /* Release */,
			);
			defaultConfigurationIsVisible = 0;
			defaultConfigurationName = Release;
		};
/* End XCConfigurationList section */
	};
	rootObject = 0806348D2AC65E07007719EA /* Project object */;
}
